# This file was autogenerated by Stack.
# You should not edit this file by hand.
# For more information, please see the documentation at:
#   https://docs.haskellstack.org/en/stable/lock_files

packages:
- completed:
    hackage: dependent-map-0.3@sha256:dc745864d5116bbd59ad29100faec74c79e681d35808547023619544c0e9f9b7,1574
    pantry-tree:
      size: 551
      sha256: 33ba69f91b54e7d64953b236d1de4ac31477b5b164f2990bfce308914006eac3
  original:
    hackage: dependent-map-0.3
- completed:
    hackage: constraints-extras-0.3@sha256:cafdfcd003885f8aacc7431ec645541fda0f71c351f86cb239d4b76bf923ad93,1593
    pantry-tree:
      size: 594
      sha256: b76e7d3859c50a7f094311bb4ff911136f67dc55893c537fd264d21c0aeefbf6
  original:
    hackage: constraints-extras-0.3
- completed:
    hackage: dependent-sum-0.6@sha256:b51eb95b5f026d50e74a561066b1c57ef4dfaaccdb7e32dbed907e95122f3b6d,1852
    pantry-tree:
      size: 474
      sha256: 2a57d3a2382c8d568089318e6d49148393d2eddb3efc7227ca37078580b92dfb
  original:
    hackage: dependent-sum-0.6
snapshots:
- completed:
    size: 488576
    url: https://raw.githubusercontent.com/commercialhaskell/stackage-snapshots/master/lts/15/0.yaml
    sha256: e4b6a87b47ec1cf63a7f1a0884a3b276fce2b0d174a10e8753c4f618e7983568
  original: lts-15.0
